
Microsoft Visual Studio Solution File, Format Version 12.00
# Visual Studio Version 17
VisualStudioVersion = 17.4.33205.214
MinimumVisualStudioVersion = 10.0.40219.1
Project("{888888A0-9F3D-457C-B088-3A5042F75D52}") = "DEFglöök", "DEFglöök.pyproj", "{EE90BD87-957E-41EC-91F5-85340D19D28A}"
EndProject
Global
	GlobalSection(SolutionConfigurationPlatforms) = preSolution
		Debug|Any CPU = Debug|Any CPU
		Release|Any CPU = Release|Any CPU
	EndGlobalSection
	GlobalSection(ProjectConfigurationPlatforms) = postSolution
		{EE90BD87-957E-41EC-91F5-85340D19D28A}.Debug|Any CPU.ActiveCfg = Debug|Any CPU
		{EE90BD87-957E-41EC-91F5-85340D19D28A}.Release|Any CPU.ActiveCfg = Release|Any CPU
	EndGlobalSection
	GlobalSection(SolutionProperties) = preSolution
		HideSolutionNode = FALSE
	EndGlobalSection
	GlobalSection(ExtensibilityGlobals) = postSolution
		SolutionGuid = {2F35655B-4524-4A64-9103-3AB7D767D485}
	EndGlobalSection
EndGlobal
